// !$*UTF8*$!
{
	archiveVersion = 1;
	classes = {
	};
	objectVersion = 55;
	objects = {

/* Begin PBXBuildFile section */
		9258C477277B398500A79100 /* AppDelegate.swift in Sources */ = {isa = PBXBuildFile; fileRef = 9258C476277B398500A79100 /* AppDelegate.swift */; };
		9258C479277B398500A79100 /* SceneDelegate.swift in Sources */ = {isa = PBXBuildFile; fileRef = 9258C478277B398500A79100 /* SceneDelegate.swift */; };
		9258C47B277B398500A79100 /* ViewController.swift in Sources */ = {isa = PBXBuildFile; fileRef = 9258C47A277B398500A79100 /* ViewController.swift */; };
		9258C47E277B398500A79100 /* Main.storyboard in Resources */ = {isa = PBXBuildFile; fileRef = 9258C47C277B398500A79100 /* Main.storyboard */; };
		9258C480277B398600A79100 /* Assets.xcassets in Resources */ = {isa = PBXBuildFile; fileRef = 9258C47F277B398600A79100 /* Assets.xcassets */; };
		9258C483277B398600A79100 /* LaunchScreen.storyboard in Resources */ = {isa = PBXBuildFile; fileRef = 9258C481277B398600A79100 /* LaunchScreen.storyboard */; };
		9258C491277B399800A79100 /* TestJenkensTests.swift in Sources */ = {isa = PBXBuildFile; fileRef = 9258C490277B399800A79100 /* TestJenkensTests.swift */; };
		A6A4ABD705F9208765426878 /* Pods_TestJenkensTests.framework in Frameworks */ = {isa = PBXBuildFile; fileRef = 99C4717C69BA9D2BC82884B8 /* Pods_TestJenkensTests.framework */; };
		D242357188AF0E9D654A301C /* Pods_TestJenkens.framework in Frameworks */ = {isa = PBXBuildFile; fileRef = EDA3FFBA22C27D4CB1DE7151 /* Pods_TestJenkens.framework */; };
/* End PBXBuildFile section */

/* Begin PBXContainerItemProxy section */
		9258C492277B399800A79100 /* PBXContainerItemProxy */ = {
			isa = PBXContainerItemProxy;
			containerPortal = 9258C46B277B398500A79100 /* Project object */;
			proxyType = 1;
			remoteGlobalIDString = 9258C472277B398500A79100;
			remoteInfo = TestJenkens;
		};
/* End PBXContainerItemProxy section */

/* Begin PBXFileReference section */
		2A9C4E23520EFC79B1CC794E /* Pods-TestJenkens.release.xcconfig */ = {isa = PBXFileReference; includeInIndex = 1; lastKnownFileType = text.xcconfig; name = "Pods-TestJenkens.release.xcconfig"; path = "Target Support Files/Pods-TestJenkens/Pods-TestJenkens.release.xcconfig"; sourceTree = "<group>"; };
		8AD5B32F00D5EEC84C13A383 /* Pods-TestJenkensTests.debug.xcconfig */ = {isa = PBXFileReference; includeInIndex = 1; lastKnownFileType = text.xcconfig; name = "Pods-TestJenkensTests.debug.xcconfig"; path = "Target Support Files/Pods-TestJenkensTests/Pods-TestJenkensTests.debug.xcconfig"; sourceTree = "<group>"; };
		9258C473277B398500A79100 /* TestJenkens.app */ = {isa = PBXFileReference; explicitFileType = wrapper.application; includeInIndex = 0; path = TestJenkens.app; sourceTree = BUILT_PRODUCTS_DIR; };
		9258C476277B398500A79100 /* AppDelegate.swift */ = {isa = PBXFileReference; lastKnownFileType = sourcecode.swift; path = AppDelegate.swift; sourceTree = "<group>"; };
		9258C478277B398500A79100 /* SceneDelegate.swift */ = {isa = PBXFileReference; lastKnownFileType = sourcecode.swift; path = SceneDelegate.swift; sourceTree = "<group>"; };
		9258C47A277B398500A79100 /* ViewController.swift */ = {isa = PBXFileReference; lastKnownFileType = sourcecode.swift; path = ViewController.swift; sourceTree = "<group>"; };
		9258C47D277B398500A79100 /* Base */ = {isa = PBXFileReference; lastKnownFileType = file.storyboard; name = Base; path = Base.lproj/Main.storyboard; sourceTree = "<group>"; };
		9258C47F277B398600A79100 /* Assets.xcassets */ = {isa = PBXFileReference; lastKnownFileType = folder.assetcatalog; path = Assets.xcassets; sourceTree = "<group>"; };
		9258C482277B398600A79100 /* Base */ = {isa = PBXFileReference; lastKnownFileType = file.storyboard; name = Base; path = Base.lproj/LaunchScreen.storyboard; sourceTree = "<group>"; };
		9258C484277B398600A79100 /* Info.plist */ = {isa = PBXFileReference; lastKnownFileType = text.plist.xml; path = Info.plist; sourceTree = "<group>"; };
		9258C48E277B399800A79100 /* TestJenkensTests.xctest */ = {isa = PBXFileReference; explicitFileType = wrapper.cfbundle; includeInIndex = 0; path = TestJenkensTests.xctest; sourceTree = BUILT_PRODUCTS_DIR; };
		9258C490277B399800A79100 /* TestJenkensTests.swift */ = {isa = PBXFileReference; lastKnownFileType = sourcecode.swift; path = TestJenkensTests.swift; sourceTree = "<group>"; };
		99C4717C69BA9D2BC82884B8 /* Pods_TestJenkensTests.framework */ = {isa = PBXFileReference; explicitFileType = wrapper.framework; includeInIndex = 0; path = Pods_TestJenkensTests.framework; sourceTree = BUILT_PRODUCTS_DIR; };
		A2D3F074F7F88BE9CEF0E9FF /* Pods-TestJenkensTests.release.xcconfig */ = {isa = PBXFileReference; includeInIndex = 1; lastKnownFileType = text.xcconfig; name = "Pods-TestJenkensTests.release.xcconfig"; path = "Target Support Files/Pods-TestJenkensTests/Pods-TestJenkensTests.release.xcconfig"; sourceTree = "<group>"; };
		E313D2393B35040A151F0567 /* Pods-TestJenkens.debug.xcconfig */ = {isa = PBXFileReference; includeInIndex = 1; lastKnownFileType = text.xcconfig; name = "Pods-TestJenkens.debug.xcconfig"; path = "Target Support Files/Pods-TestJenkens/Pods-TestJenkens.debug.xcconfig"; sourceTree = "<group>"; };
		EDA3FFBA22C27D4CB1DE7151 /* Pods_TestJenkens.framework */ = {isa = PBXFileReference; explicitFileType = wrapper.framework; includeInIndex = 0; path = Pods_TestJenkens.framework; sourceTree = BUILT_PRODUCTS_DIR; };
/* End PBXFileReference section */

/* Begin PBXFrameworksBuildPhase section */
		9258C470277B398500A79100 /* Frameworks */ = {
			isa = PBXFrameworksBuildPhase;
			buildActionMask = 2147483647;
			files = (
				D242357188AF0E9D654A301C /* Pods_TestJenkens.framework in Frameworks */,
			);
			runOnlyForDeploymentPostprocessing = 0;
		};
		9258C48B277B399800A79100 /* Frameworks */ = {
			isa = PBXFrameworksBuildPhase;
			buildActionMask = 2147483647;
			files = (
				A6A4ABD705F9208765426878 /* Pods_TestJenkensTests.framework in Frameworks */,
			);
			runOnlyForDeploymentPostprocessing = 0;
		};
/* End PBXFrameworksBuildPhase section */

/* Begin PBXGroup section */
		296734C128B4F0D5564F4C3F /* Frameworks */ = {
			isa = PBXGroup;
			children = (
				EDA3FFBA22C27D4CB1DE7151 /* Pods_TestJenkens.framework */,
				99C4717C69BA9D2BC82884B8 /* Pods_TestJenkensTests.framework */,
			);
			name = Frameworks;
			sourceTree = "<group>";
		};
		67E39D71FE981C1EAD55B598 /* Pods */ = {
			isa = PBXGroup;
			children = (
				E313D2393B35040A151F0567 /* Pods-TestJenkens.debug.xcconfig */,
				2A9C4E23520EFC79B1CC794E /* Pods-TestJenkens.release.xcconfig */,
				8AD5B32F00D5EEC84C13A383 /* Pods-TestJenkensTests.debug.xcconfig */,
				A2D3F074F7F88BE9CEF0E9FF /* Pods-TestJenkensTests.release.xcconfig */,
			);
			name = Pods;
			path = Pods;
			sourceTree = "<group>";
		};
		9258C46A277B398500A79100 = {
			isa = PBXGroup;
			children = (
				9258C475277B398500A79100 /* TestJenkens */,
				9258C48F277B399800A79100 /* TestJenkensTests */,
				9258C474277B398500A79100 /* Products */,
				67E39D71FE981C1EAD55B598 /* Pods */,
				296734C128B4F0D5564F4C3F /* Frameworks */,
			);
			sourceTree = "<group>";
		};
		9258C474277B398500A79100 /* Products */ = {
			isa = PBXGroup;
			children = (
				9258C473277B398500A79100 /* TestJenkens.app */,
				9258C48E277B399800A79100 /* TestJenkensTests.xctest */,
			);
			name = Products;
			sourceTree = "<group>";
		};
		9258C475277B398500A79100 /* TestJenkens */ = {
			isa = PBXGroup;
			children = (
				9258C476277B398500A79100 /* AppDelegate.swift */,
				9258C478277B398500A79100 /* SceneDelegate.swift */,
				9258C47A277B398500A79100 /* ViewController.swift */,
				9258C47C277B398500A79100 /* Main.storyboard */,
				9258C47F277B398600A79100 /* Assets.xcassets */,
				9258C481277B398600A79100 /* LaunchScreen.storyboard */,
				9258C484277B398600A79100 /* Info.plist */,
			);
			path = TestJenkens;
			sourceTree = "<group>";
		};
		9258C48F277B399800A79100 /* TestJenkensTests */ = {
			isa = PBXGroup;
			children = (
				9258C490277B399800A79100 /* TestJenkensTests.swift */,
			);
			path = TestJenkensTests;
			sourceTree = "<group>";
		};
/* End PBXGroup section */

/* Begin PBXNativeTarget section */
		9258C472277B398500A79100 /* TestJenkens */ = {
			isa = PBXNativeTarget;
			buildConfigurationList = 9258C487277B398600A79100 /* Build configuration list for PBXNativeTarget "TestJenkens" */;
			buildPhases = (
				CE0F55384D190A06A6377047 /* [CP] Check Pods Manifest.lock */,
				9258C46F277B398500A79100 /* Sources */,
				9258C470277B398500A79100 /* Frameworks */,
				9258C471277B398500A79100 /* Resources */,
			);
			buildRules = (
			);
			dependencies = (
			);
			name = TestJenkens;
			productName = TestJenkens;
			productReference = 9258C473277B398500A79100 /* TestJenkens.app */;
			productType = "com.apple.product-type.application";
		};
		9258C48D277B399800A79100 /* TestJenkensTests */ = {
			isa = PBXNativeTarget;
			buildConfigurationList = 9258C494277B399800A79100 /* Build configuration list for PBXNativeTarget "TestJenkensTests" */;
			buildPhases = (
				524E514F788020D882324C02 /* [CP] Check Pods Manifest.lock */,
				9258C48A277B399800A79100 /* Sources */,
				9258C48B277B399800A79100 /* Frameworks */,
				9258C48C277B399800A79100 /* Resources */,
			);
			buildRules = (
			);
			dependencies = (
				9258C493277B399800A79100 /* PBXTargetDependency */,
			);
			name = TestJenkensTests;
			productName = TestJenkensTests;
			productReference = 9258C48E277B399800A79100 /* TestJenkensTests.xctest */;
			productType = "com.apple.product-type.bundle.unit-test";
		};
/* End PBXNativeTarget section */

/* Begin PBXProject section */
		9258C46B277B398500A79100 /* Project object */ = {
			isa = PBXProject;
			attributes = {
				BuildIndependentTargetsInParallel = 1;
				LastSwiftUpdateCheck = 1320;
				LastUpgradeCheck = 1320;
				TargetAttributes = {
					9258C472277B398500A79100 = {
						CreatedOnToolsVersion = 13.2;
					};
					9258C48D277B399800A79100 = {
						CreatedOnToolsVersion = 13.2;
						TestTargetID = 9258C472277B398500A79100;
					};
				};
			};
			buildConfigurationList = 9258C46E277B398500A79100 /* Build configuration list for PBXProject "TestJenkens" */;
			compatibilityVersion = "Xcode 13.0";
			developmentRegion = en;
			hasScannedForEncodings = 0;
			knownRegions = (
				en,
				Base,
			);
			mainGroup = 9258C46A277B398500A79100;
			productRefGroup = 9258C474277B398500A79100 /* Products */;
			projectDirPath = "";
			projectRoot = "";
			targets = (
				9258C472277B398500A79100 /* TestJenkens */,
				9258C48D277B399800A79100 /* TestJenkensTests */,
			);
		};
/* End PBXProject section */

/* Begin PBXResourcesBuildPhase section */
		9258C471277B398500A79100 /* Resources */ = {
			isa = PBXResourcesBuildPhase;
			buildActionMask = 2147483647;
			files = (
				9258C483277B398600A79100 /* LaunchScreen.storyboard in Resources */,
				9258C480277B398600A79100 /* Assets.xcassets in Resources */,
				9258C47E277B398500A79100 /* Main.storyboard in Resources */,
			);
			runOnlyForDeploymentPostprocessing = 0;
		};
		9258C48C277B399800A79100 /* Resources */ = {
			isa = PBXResourcesBuildPhase;
			buildActionMask = 2147483647;
			files = (
			);
			runOnlyForDeploymentPostprocessing = 0;
		};
/* End PBXResourcesBuildPhase section */

/* Begin PBXShellScriptBuildPhase section */
		524E514F788020D882324C02 /* [CP] Check Pods Manifest.lock */ = {
			isa = PBXShellScriptBuildPhase;
			buildActionMask = 2147483647;
			files = (
			);
			inputFileListPaths = (
			);
			inputPaths = (
				"${PODS_PODFILE_DIR_PATH}/Podfile.lock",
				"${PODS_ROOT}/Manifest.lock",
			);
			name = "[CP] Check Pods Manifest.lock";
			outputFileListPaths = (
			);
			outputPaths = (
				"$(DERIVED_FILE_DIR)/Pods-TestJenkensTests-checkManifestLockResult.txt",
			);
			runOnlyForDeploymentPostprocessing = 0;
			shellPath = /bin/sh;
			shellScript = "diff \"${PODS_PODFILE_DIR_PATH}/Podfile.lock\" \"${PODS_ROOT}/Manifest.lock\" > /dev/null\nif [ $? != 0 ] ; then\n    # print error to STDERR\n    echo \"error: The sandbox is not in sync with the Podfile.lock. Run 'pod install' or update your CocoaPods installation.\" >&2\n    exit 1\nfi\n# This output is used by Xcode 'outputs' to avoid re-running this script phase.\necho \"SUCCESS\" > \"${SCRIPT_OUTPUT_FILE_0}\"\n";
			showEnvVarsInLog = 0;
		};
		CE0F55384D190A06A6377047 /* [CP] Check Pods Manifest.lock */ = {
			isa = PBXShellScriptBuildPhase;
			buildActionMask = 2147483647;
			files = (
			);
			inputFileListPaths = (
			);
			inputPaths = (
				"${PODS_PODFILE_DIR_PATH}/Podfile.lock",
				"${PODS_ROOT}/Manifest.lock",
			);
			name = "[CP] Check Pods Manifest.lock";
			outputFileListPaths = (
			);
			outputPaths = (
				"$(DERIVED_FILE_DIR)/Pods-TestJenkens-checkManifestLockResult.txt",
			);
			runOnlyForDeploymentPostprocessing = 0;
			shellPath = /bin/sh;
			shellScript = "diff \"${PODS_PODFILE_DIR_PATH}/Podfile.lock\" \"${PODS_ROOT}/Manifest.lock\" > /dev/null\nif [ $? != 0 ] ; then\n    # print error to STDERR\n    echo \"error: The sandbox is not in sync with the Podfile.lock. Run 'pod install' or update your CocoaPods installation.\" >&2\n    exit 1\nfi\n# This output is used by Xcode 'outputs' to avoid re-running this script phase.\necho \"SUCCESS\" > \"${SCRIPT_OUTPUT_FILE_0}\"\n";
			showEnvVarsInLog = 0;
		};
/* End PBXShellScriptBuildPhase section */

/* Begin PBXSourcesBuildPhase section */
		9258C46F277B398500A79100 /* Sources */ = {
			isa = PBXSourcesBuildPhase;
			buildActionMask = 2147483647;
			files = (
				9258C47B277B398500A79100 /* ViewController.swift in Sources */,
				9258C477277B398500A79100 /* AppDelegate.swift in Sources */,
				9258C479277B398500A79100 /* SceneDelegate.swift in Sources */,
			);
			runOnlyForDeploymentPostprocessing = 0;
		};
		9258C48A277B399800A79100 /* Sources */ = {
			isa = PBXSourcesBuildPhase;
			buildActionMask = 2147483647;
			files = (
				9258C491277B399800A79100 /* TestJenkensTests.swift in Sources */,
			);
			runOnlyForDeploymentPostprocessing = 0;
		};
/* End PBXSourcesBuildPhase section */

/* Begin PBXTargetDependency section */
		9258C493277B399800A79100 /* PBXTargetDependency */ = {
			isa = PBXTargetDependency;
			target = 9258C472277B398500A79100 /* TestJenkens */;
			targetProxy = 9258C492277B399800A79100 /* PBXContainerItemProxy */;
		};
/* End PBXTargetDependency section */

/* Begin PBXVariantGroup section */
		9258C47C277B398500A79100 /* Main.storyboard */ = {
			isa = PBXVariantGroup;
			children = (
				9258C47D277B398500A79100 /* Base */,
			);
			name = Main.storyboard;
			sourceTree = "<group>";
		};
		9258C481277B398600A79100 /* LaunchScreen.storyboard */ = {
			isa = PBXVariantGroup;
			children = (
				9258C482277B398600A79100 /* Base */,
			);
			name = LaunchScreen.storyboard;
			sourceTree = "<group>";
		};
/* End PBXVariantGroup section */

/* Begin XCBuildConfiguration section */
		9258C485277B398600A79100 /* Debug */ = {
			isa = XCBuildConfiguration;
			buildSettings = {
				ALWAYS_SEARCH_USER_PATHS = NO;
				CLANG_ANALYZER_NONNULL = YES;
				CLANG_ANALYZER_NUMBER_OBJECT_CONVERSION = YES_AGGRESSIVE;
				CLANG_CXX_LANGUAGE_STANDARD = "gnu++17";
				CLANG_CXX_LIBRARY = "libc++";
				CLANG_ENABLE_MODULES = YES;
				CLANG_ENABLE_OBJC_ARC = YES;
				CLANG_ENABLE_OBJC_WEAK = YES;
				CLANG_WARN_BLOCK_CAPTURE_AUTORELEASING = YES;
				CLANG_WARN_BOOL_CONVERSION = YES;
				CLANG_WARN_COMMA = YES;
				CLANG_WARN_CONSTANT_CONVERSION = YES;
				CLANG_WARN_DEPRECATED_OBJC_IMPLEMENTATIONS = YES;
				CLANG_WARN_DIRECT_OBJC_ISA_USAGE = YES_ERROR;
				CLANG_WARN_DOCUMENTATION_COMMENTS = YES;
				CLANG_WARN_EMPTY_BODY = YES;
				CLANG_WARN_ENUM_CONVERSION = YES;
				CLANG_WARN_INFINITE_RECURSION = YES;
				CLANG_WARN_INT_CONVERSION = YES;
				CLANG_WARN_NON_LITERAL_NULL_CONVERSION = YES;
				CLANG_WARN_OBJC_IMPLICIT_RETAIN_SELF = YES;
				CLANG_WARN_OBJC_LITERAL_CONVERSION = YES;
				CLANG_WARN_OBJC_ROOT_CLASS = YES_ERROR;
				CLANG_WARN_QUOTED_INCLUDE_IN_FRAMEWORK_HEADER = YES;
				CLANG_WARN_RANGE_LOOP_ANALYSIS = YES;
				CLANG_WARN_STRICT_PROTOTYPES = YES;
				CLANG_WARN_SUSPICIOUS_MOVE = YES;
				CLANG_WARN_UNGUARDED_AVAILABILITY = YES_AGGRESSIVE;
				CLANG_WARN_UNREACHABLE_CODE = YES;
				CLANG_WARN__DUPLICATE_METHOD_MATCH = YES;
				COPY_PHASE_STRIP = NO;
				DEBUG_INFORMATION_FORMAT = dwarf;
				ENABLE_STRICT_OBJC_MSGSEND = YES;
				ENABLE_TESTABILITY = YES;
				GCC_C_LANGUAGE_STANDARD = gnu11;
				GCC_DYNAMIC_NO_PIC = NO;
				GCC_NO_COMMON_BLOCKS = YES;
				GCC_OPTIMIZATION_LEVEL = 0;
				GCC_PREPROCESSOR_DEFINITIONS = (
					"DEBUG=1",
					"$(inherited)",
				);
				GCC_WARN_64_TO_32_BIT_CONVERSION = YES;
				GCC_WARN_ABOUT_RETURN_TYPE = YES_ERROR;
				GCC_WARN_UNDECLARED_SELECTOR = YES;
				GCC_WARN_UNINITIALIZED_AUTOS = YES_AGGRESSIVE;
				GCC_WARN_UNUSED_FUNCTION = YES;
				GCC_WARN_UNUSED_VARIABLE = YES;
				IPHONEOS_DEPLOYMENT_TARGET = 15.2;
				MTL_ENABLE_DEBUG_INFO = INCLUDE_SOURCE;
				MTL_FAST_MATH = YES;
				ONLY_ACTIVE_ARCH = YES;
				SDKROOT = iphoneos;
				SWIFT_ACTIVE_COMPILATION_CONDITIONS = DEBUG;
				SWIFT_OPTIMIZATION_LEVEL = "-Onone";
			};
			name = Debug;
		};
		9258C486277B398600A79100 /* Release */ = {
			isa = XCBuildConfiguration;
			buildSettings = {
				ALWAYS_SEARCH_USER_PATHS = NO;
				CLANG_ANALYZER_NONNULL = YES;
				CLANG_ANALYZER_NUMBER_OBJECT_CONVERSION = YES_AGGRESSIVE;
				CLANG_CXX_LANGUAGE_STANDARD = "gnu++17";
				CLANG_CXX_LIBRARY = "libc++";
				CLANG_ENABLE_MODULES = YES;
				CLANG_ENABLE_OBJC_ARC = YES;
				CLANG_ENABLE_OBJC_WEAK = YES;
				CLANG_WARN_BLOCK_CAPTURE_AUTORELEASING = YES;
				CLANG_WARN_BOOL_CONVERSION = YES;
				CLANG_WARN_COMMA = YES;
				CLANG_WARN_CONSTANT_CONVERSION = YES;
				CLANG_WARN_DEPRECATED_OBJC_IMPLEMENTATIONS = YES;
				CLANG_WARN_DIRECT_OBJC_ISA_USAGE = YES_ERROR;
				CLANG_WARN_DOCUMENTATION_COMMENTS = YES;
				CLANG_WARN_EMPTY_BODY = YES;
				CLANG_WARN_ENUM_CONVERSION = YES;
				CLANG_WARN_INFINITE_RECURSION = YES;
				CLANG_WARN_INT_CONVERSION = YES;
				CLANG_WARN_NON_LITERAL_NULL_CONVERSION = YES;
				CLANG_WARN_OBJC_IMPLICIT_RETAIN_SELF = YES;
				CLANG_WARN_OBJC_LITERAL_CONVERSION = YES;
				CLANG_WARN_OBJC_ROOT_CLASS = YES_ERROR;
				CLANG_WARN_QUOTED_INCLUDE_IN_FRAMEWORK_HEADER = YES;
				CLANG_WARN_RANGE_LOOP_ANALYSIS = YES;
				CLANG_WARN_STRICT_PROTOTYPES = YES;
				CLANG_WARN_SUSPICIOUS_MOVE = YES;
				CLANG_WARN_UNGUARDED_AVAILABILITY = YES_AGGRESSIVE;
				CLANG_WARN_UNREACHABLE_CODE = YES;
				CLANG_WARN__DUPLICATE_METHOD_MATCH = YES;
				COPY_PHASE_STRIP = NO;
				DEBUG_INFORMATION_FORMAT = "dwarf-with-dsym";
				ENABLE_NS_ASSERTIONS = NO;
				ENABLE_STRICT_OBJC_MSGSEND = YES;
				GCC_C_LANGUAGE_STANDARD = gnu11;
				GCC_NO_COMMON_BLOCKS = YES;
				GCC_WARN_64_TO_32_BIT_CONVERSION = YES;
				GCC_WARN_ABOUT_RETURN_TYPE = YES_ERROR;
				GCC_WARN_UNDECLARED_SELECTOR = YES;
				GCC_WARN_UNINITIALIZED_AUTOS = YES_AGGRESSIVE;
				GCC_WARN_UNUSED_FUNCTION = YES;
				GCC_WARN_UNUSED_VARIABLE = YES;
				IPHONEOS_DEPLOYMENT_TARGET = 15.2;
				MTL_ENABLE_DEBUG_INFO = NO;
				MTL_FAST_MATH = YES;
				SDKROOT = iphoneos;
				SWIFT_COMPILATION_MODE = wholemodule;
				SWIFT_OPTIMIZATION_LEVEL = "-O";
				VALIDATE_PRODUCT = YES;
			};
			name = Release;
		};
		9258C488277B398600A79100 /* Debug */ = {
			isa = XCBuildConfiguration;
			baseConfigurationReference = E313D2393B35040A151F0567 /* Pods-TestJenkens.debug.xcconfig */;
			buildSettings = {
				ASSETCATALOG_COMPILER_APPICON_NAME = AppIcon;
				ASSETCATALOG_COMPILER_GLOBAL_ACCENT_COLOR_NAME = AccentColor;
				CODE_SIGN_STYLE = Automatic;
				CURRENT_PROJECT_VERSION = 1;
				DEVELOPMENT_TEAM = B8J56NYW84;
				GENERATE_INFOPLIST_FILE = YES;
				INFOPLIST_FILE = TestJenkens/Info.plist;
				INFOPLIST_KEY_UIApplicationSupportsIndirectInputEvents = YES;
				INFOPLIST_KEY_UILaunchStoryboardName = LaunchScreen;
				INFOPLIST_KEY_UIMainStoryboardFile = Main;
				INFOPLIST_KEY_UISupportedInterfaceOrientations_iPad = "UIInterfaceOrientationPortrait UIInterfaceOrientationPortraitUpsideDown UIInterfaceOrientationLandscapeLeft UIInterfaceOrientationLandscapeRight";
				INFOPLIST_KEY_UISupportedInterfaceOrientations_iPhone = "UIInterfaceOrientationPortrait UIInterfaceOrientationLandscapeLeft UIInterfaceOrientationLandscapeRight";
				LD_RUNPATH_SEARCH_PATHS = (
					"$(inherited)",
					"@executable_path/Frameworks",
				);
				MARKETING_VERSION = 1.0;
				PRODUCT_BUNDLE_IDENTIFIER = Ahmed.TestJenkens;
				PRODUCT_NAME = "$(TARGET_NAME)";
				SWIFT_EMIT_LOC_STRINGS = YES;
				SWIFT_VERSION = 5.0;
				TARGETED_DEVICE_FAMILY = "1,2";
			};
			name = Debug;
		};
		9258C489277B398600A79100 /* Release */ = {
			isa = XCBuildConfiguration;
			baseConfigurationReference = 2A9C4E23520EFC79B1CC794E /* Pods-TestJenkens.release.xcconfig */;
			buildSettings = {
				ASSETCATALOG_COMPILER_APPICON_NAME = AppIcon;
				ASSETCATALOG_COMPILER_GLOBAL_ACCENT_COLOR_NAME = AccentColor;
				CODE_SIGN_STYLE = Automatic;
				CURRENT_PROJECT_VERSION = 1;
				DEVELOPMENT_TEAM = B8J56NYW84;
				GENERATE_INFOPLIST_FILE = YES;
				INFOPLIST_FILE = TestJenkens/Info.plist;
				INFOPLIST_KEY_UIApplicationSupportsIndirectInputEvents = YES;
				INFOPLIST_KEY_UILaunchStoryboardName = LaunchScreen;
				INFOPLIST_KEY_UIMainStoryboardFile = Main;
				INFOPLIST_KEY_UISupportedInterfaceOrientations_iPad = "UIInterfaceOrientationPortrait UIInterfaceOrientationPortraitUpsideDown UIInterfaceOrientationLandscapeLeft UIInterfaceOrientationLandscapeRight";
				INFOPLIST_KEY_UISupportedInterfaceOrientations_iPhone = "UIInterfaceOrientationPortrait UIInterfaceOrientationLandscapeLeft UIInterfaceOrientationLandscapeRight";
				LD_RUNPATH_SEARCH_PATHS = (
					"$(inherited)",
					"@executable_path/Frameworks",
				);
				MARKETING_VERSION = 1.0;
				PRODUCT_BUNDLE_IDENTIFIER = Ahmed.TestJenkens;
				PRODUCT_NAME = "$(TARGET_NAME)";
				SWIFT_EMIT_LOC_STRINGS = YES;
				SWIFT_VERSION = 5.0;
				TARGETED_DEVICE_FAMILY = "1,2";
			};
			name = Release;
		};
		9258C495277B399800A79100 /* Debug */ = {
			isa = XCBuildConfiguration;
			baseConfigurationReference = 8AD5B32F00D5EEC84C13A383 /* Pods-TestJenkensTests.debug.xcconfig */;
			buildSettings = {
				BUNDLE_LOADER = "$(TEST_HOST)";
				CODE_SIGN_STYLE = Automatic;
				CURRENT_PROJECT_VERSION = 1;
				DEVELOPMENT_TEAM = B8J56NYW84;
				GENERATE_INFOPLIST_FILE = YES;
				MARKETING_VERSION = 1.0;
				PRODUCT_BUNDLE_IDENTIFIER = Ahmed.TestJenkensTests;
				PRODUCT_NAME = "$(TARGET_NAME)";
				SWIFT_EMIT_LOC_STRINGS = NO;
				SWIFT_VERSION = 5.0;
				TARGETED_DEVICE_FAMILY = "1,2";
				TEST_HOST = "$(BUILT_PRODUCTS_DIR)/TestJenkens.app/TestJenkens";
			};
			name = Debug;
		};
		9258C496277B399800A79100 /* Release */ = {
			isa = XCBuildConfiguration;
			baseConfigurationReference = A2D3F074F7F88BE9CEF0E9FF /* Pods-TestJenkensTests.release.xcconfig */;
			buildSettings = {
				BUNDLE_LOADER = "$(TEST_HOST)";
				CODE_SIGN_STYLE = Automatic;
				CURRENT_PROJECT_VERSION = 1;
				DEVELOPMENT_TEAM = B8J56NYW84;
				GENERATE_INFOPLIST_FILE = YES;
				MARKETING_VERSION = 1.0;
				PRODUCT_BUNDLE_IDENTIFIER = Ahmed.TestJenkensTests;
				PRODUCT_NAME = "$(TARGET_NAME)";
				SWIFT_EMIT_LOC_STRINGS = NO;
				SWIFT_VERSION = 5.0;
				TARGETED_DEVICE_FAMILY = "1,2";
				TEST_HOST = "$(BUILT_PRODUCTS_DIR)/TestJenkens.app/TestJenkens";
			};
			name = Release;
		};
/* End XCBuildConfiguration section */

/* Begin XCConfigurationList section */
		9258C46E277B398500A79100 /* Build configuration list for PBXProject "TestJenkens" */ = {
			isa = XCConfigurationList;
			buildConfigurations = (
				9258C485277B398600A79100 /* Debug */,
				9258C486277B398600A79100 /* Release */,
			);
			defaultConfigurationIsVisible = 0;
			defaultConfigurationName = Release;
		};
		9258C487277B398600A79100 /* Build configuration list for PBXNativeTarget "TestJenkens" */ = {
			isa = XCConfigurationList;
			buildConfigurations = (
				9258C488277B398600A79100 /* Debug */,
				9258C489277B398600A79100 /* Release */,
			);
			defaultConfigurationIsVisible = 0;
			defaultConfigurationName = Release;
		};
		9258C494277B399800A79100 /* Build configuration list for PBXNativeTarget "TestJenkensTests" */ = {
			isa = XCConfigurationList;
			buildConfigurations = (
				9258C495277B399800A79100 /* Debug */,
				9258C496277B399800A79100 /* Release */,
			);
			defaultConfigurationIsVisible = 0;
			defaultConfigurationName = Release;
		};
/* End XCConfigurationList section */
	};
	rootObject = 9258C46B277B398500A79100 /* Project object */;
}
